// !$*UTF8*$!
{
	archiveVersion = 1;
	classes = {
	};
	objectVersion = 46;
	objects = {

/* Begin PBXBuildFile section */
		695B3B8213274C9A003E937A /* GLUT.framework in Frameworks */ = {isa = PBXBuildFile; fileRef = 695B3B8113274C9A003E937A /* GLUT.framework */; };
		695B3B8413274C9A003E937A /* OpenGL.framework in Frameworks */ = {isa = PBXBuildFile; fileRef = 695B3B8313274C9A003E937A /* OpenGL.framework */; };
		6979575E16A36FF500F0B9F2 /* OGL_Core_Renderer.cpp in Sources */ = {isa = PBXBuildFile; fileRef = 6979575D16A36FF500F0B9F2 /* OGL_Core_Renderer.cpp */; };
		69BD4D231673F4DE009EEBE2 /* Common.h in Headers */ = {isa = PBXBuildFile; fileRef = 69BD4D0A1673F4DE009EEBE2 /* Common.h */; settings = {ATTRIBUTES = (Public, ); }; };
		69BD4D241673F4DE009EEBE2 /* Configuration.h in Headers */ = {isa = PBXBuildFile; fileRef = 69BD4D0B1673F4DE009EEBE2 /* Configuration.h */; settings = {ATTRIBUTES = (Public, ); }; };
		69BD4D251673F4DE009EEBE2 /* Documentation.h in Headers */ = {isa = PBXBuildFile; fileRef = 69BD4D0C1673F4DE009EEBE2 /* Documentation.h */; settings = {ATTRIBUTES = (Public, ); }; };
		69BD4D261673F4DE009EEBE2 /* Event in Resources */ = {isa = PBXBuildFile; fileRef = 69BD4D0D1673F4DE009EEBE2 /* Event */; };
		69BD4D271673F4DE009EEBE2 /* EventHandler.h in Headers */ = {isa = PBXBuildFile; fileRef = 69BD4D0E1673F4DE009EEBE2 /* EventHandler.h */; settings = {ATTRIBUTES = (Public, ); }; };
		69BD4D281673F4DE009EEBE2 /* Exception.h in Headers */ = {isa = PBXBuildFile; fileRef = 69BD4D0F1673F4DE009EEBE2 /* Exception.h */; settings = {ATTRIBUTES = (Public, ); }; };
		69BD4D291673F4DE009EEBE2 /* File.h in Headers */ = {isa = PBXBuildFile; fileRef = 69BD4D101673F4DE009EEBE2 /* File.h */; settings = {ATTRIBUTES = (Public, ); }; };
		69BD4D2A1673F4DE009EEBE2 /* Filesystem.h in Headers */ = {isa = PBXBuildFile; fileRef = 69BD4D111673F4DE009EEBE2 /* Filesystem.h */; settings = {ATTRIBUTES = (Public, ); }; };
		69BD4D2B1673F4DE009EEBE2 /* FpsCounter.h in Headers */ = {isa = PBXBuildFile; fileRef = 69BD4D121673F4DE009EEBE2 /* FpsCounter.h */; settings = {ATTRIBUTES = (Public, ); }; };
		69BD4D2C1673F4DE009EEBE2 /* Game.h in Headers */ = {isa = PBXBuildFile; fileRef = 69BD4D131673F4DE009EEBE2 /* Game.h */; settings = {ATTRIBUTES = (Public, ); }; };
		69BD4D2D1673F4DE009EEBE2 /* KeyTranslator.h in Headers */ = {isa = PBXBuildFile; fileRef = 69BD4D141673F4DE009EEBE2 /* KeyTranslator.h */; settings = {ATTRIBUTES = (Public, ); }; };
		69BD4D2E1673F4DE009EEBE2 /* MersenneTwister.h in Headers */ = {isa = PBXBuildFile; fileRef = 69BD4D151673F4DE009EEBE2 /* MersenneTwister.h */; settings = {ATTRIBUTES = (Public, ); }; };
		69BD4D2F1673F4DE009EEBE2 /* Mixer in Resources */ = {isa = PBXBuildFile; fileRef = 69BD4D161673F4DE009EEBE2 /* Mixer */; };
		69BD4D301673F4DE009EEBE2 /* NAS2D.h in Headers */ = {isa = PBXBuildFile; fileRef = 69BD4D171673F4DE009EEBE2 /* NAS2D.h */; settings = {ATTRIBUTES = (Public, ); }; };
		69BD4D311673F4DE009EEBE2 /* Random.h in Headers */ = {isa = PBXBuildFile; fileRef = 69BD4D181673F4DE009EEBE2 /* Random.h */; settings = {ATTRIBUTES = (Public, ); }; };
		69BD4D321673F4DE009EEBE2 /* Renderer in Resources */ = {isa = PBXBuildFile; fileRef = 69BD4D191673F4DE009EEBE2 /* Renderer */; };
		69BD4D331673F4DE009EEBE2 /* Resources in Resources */ = {isa = PBXBuildFile; fileRef = 69BD4D1A1673F4DE009EEBE2 /* Resources */; };
		69BD4D351673F4DE009EEBE2 /* State.h in Headers */ = {isa = PBXBuildFile; fileRef = 69BD4D1C1673F4DE009EEBE2 /* State.h */; settings = {ATTRIBUTES = (Public, ); }; };
		69BD4D361673F4DE009EEBE2 /* StateManager.h in Headers */ = {isa = PBXBuildFile; fileRef = 69BD4D1D1673F4DE009EEBE2 /* StateManager.h */; settings = {ATTRIBUTES = (Public, ); }; };
		69BD4D371673F4DE009EEBE2 /* Timer.h in Headers */ = {isa = PBXBuildFile; fileRef = 69BD4D1E1673F4DE009EEBE2 /* Timer.h */; settings = {ATTRIBUTES = (Public, ); }; };
		69BD4D381673F4DE009EEBE2 /* tinyxml in Resources */ = {isa = PBXBuildFile; fileRef = 69BD4D1F1673F4DE009EEBE2 /* tinyxml */; };
		69BD4D391673F4DE009EEBE2 /* Trig.h in Headers */ = {isa = PBXBuildFile; fileRef = 69BD4D201673F4DE009EEBE2 /* Trig.h */; settings = {ATTRIBUTES = (Public, ); }; };
		69BD4D3A1673F4DE009EEBE2 /* Utility.h in Headers */ = {isa = PBXBuildFile; fileRef = 69BD4D211673F4DE009EEBE2 /* Utility.h */; settings = {ATTRIBUTES = (Public, ); }; };
		69BD4D3B1673F4DE009EEBE2 /* XmlAttributeParser.h in Headers */ = {isa = PBXBuildFile; fileRef = 69BD4D221673F4DE009EEBE2 /* XmlAttributeParser.h */; settings = {ATTRIBUTES = (Public, ); }; };
		69BD4D5D1673F4FA009EEBE2 /* Common.cpp in Sources */ = {isa = PBXBuildFile; fileRef = 69BD4D3C1673F4FA009EEBE2 /* Common.cpp */; };
		69BD4D5E1673F4FA009EEBE2 /* Configuration.cpp in Sources */ = {isa = PBXBuildFile; fileRef = 69BD4D3D1673F4FA009EEBE2 /* Configuration.cpp */; };
		69BD4D5F1673F4FA009EEBE2 /* EventHandler.cpp in Sources */ = {isa = PBXBuildFile; fileRef = 69BD4D3E1673F4FA009EEBE2 /* EventHandler.cpp */; };
		69BD4D601673F4FA009EEBE2 /* Filesystem.cpp in Sources */ = {isa = PBXBuildFile; fileRef = 69BD4D3F1673F4FA009EEBE2 /* Filesystem.cpp */; };
		69BD4D611673F4FA009EEBE2 /* FpsCounter.cpp in Sources */ = {isa = PBXBuildFile; fileRef = 69BD4D401673F4FA009EEBE2 /* FpsCounter.cpp */; };
		69BD4D621673F4FA009EEBE2 /* Game.cpp in Sources */ = {isa = PBXBuildFile; fileRef = 69BD4D411673F4FA009EEBE2 /* Game.cpp */; };
		69BD4D631673F4FA009EEBE2 /* KeyTranslator.cpp in Sources */ = {isa = PBXBuildFile; fileRef = 69BD4D421673F4FA009EEBE2 /* KeyTranslator.cpp */; };
		69BD4D641673F4FA009EEBE2 /* MersenneTwister.cpp in Sources */ = {isa = PBXBuildFile; fileRef = 69BD4D431673F4FA009EEBE2 /* MersenneTwister.cpp */; };
		69BD4D651673F4FA009EEBE2 /* SDL_Mixer.cpp in Sources */ = {isa = PBXBuildFile; fileRef = 69BD4D451673F4FA009EEBE2 /* SDL_Mixer.cpp */; };
		69BD4D661673F4FA009EEBE2 /* NAS2D.cpp in Sources */ = {isa = PBXBuildFile; fileRef = 69BD4D461673F4FA009EEBE2 /* NAS2D.cpp */; };
		69BD4D671673F4FA009EEBE2 /* Random.cpp in Sources */ = {isa = PBXBuildFile; fileRef = 69BD4D471673F4FA009EEBE2 /* Random.cpp */; };
		69BD4D691673F4FA009EEBE2 /* Renderer.cpp in Sources */ = {isa = PBXBuildFile; fileRef = 69BD4D4A1673F4FA009EEBE2 /* Renderer.cpp */; };
		69BD4D6A1673F4FA009EEBE2 /* ShaderManager.cpp in Sources */ = {isa = PBXBuildFile; fileRef = 69BD4D4B1673F4FA009EEBE2 /* ShaderManager.cpp */; };
		69BD4D6B1673F4FA009EEBE2 /* Font.cpp in Sources */ = {isa = PBXBuildFile; fileRef = 69BD4D4D1673F4FA009EEBE2 /* Font.cpp */; };
		69BD4D6C1673F4FA009EEBE2 /* Image.cpp in Sources */ = {isa = PBXBuildFile; fileRef = 69BD4D4E1673F4FA009EEBE2 /* Image.cpp */; };
		69BD4D6D1673F4FA009EEBE2 /* Music.cpp in Sources */ = {isa = PBXBuildFile; fileRef = 69BD4D4F1673F4FA009EEBE2 /* Music.cpp */; };
		69BD4D6E1673F4FA009EEBE2 /* Resource.cpp in Sources */ = {isa = PBXBuildFile; fileRef = 69BD4D501673F4FA009EEBE2 /* Resource.cpp */; };
		69BD4D6F1673F4FA009EEBE2 /* Shader.cpp in Sources */ = {isa = PBXBuildFile; fileRef = 69BD4D511673F4FA009EEBE2 /* Shader.cpp */; };
		69BD4D701673F4FA009EEBE2 /* Sound.cpp in Sources */ = {isa = PBXBuildFile; fileRef = 69BD4D521673F4FA009EEBE2 /* Sound.cpp */; };
		69BD4D711673F4FA009EEBE2 /* Sprite.cpp in Sources */ = {isa = PBXBuildFile; fileRef = 69BD4D531673F4FA009EEBE2 /* Sprite.cpp */; };
		69BD4D721673F4FA009EEBE2 /* StateManager.cpp in Sources */ = {isa = PBXBuildFile; fileRef = 69BD4D541673F4FA009EEBE2 /* StateManager.cpp */; };
		69BD4D731673F4FA009EEBE2 /* Timer.cpp in Sources */ = {isa = PBXBuildFile; fileRef = 69BD4D551673F4FA009EEBE2 /* Timer.cpp */; };
		69BD4D741673F4FA009EEBE2 /* tinystr.cpp in Sources */ = {isa = PBXBuildFile; fileRef = 69BD4D571673F4FA009EEBE2 /* tinystr.cpp */; };
		69BD4D751673F4FA009EEBE2 /* tinyxml.cpp in Sources */ = {isa = PBXBuildFile; fileRef = 69BD4D581673F4FA009EEBE2 /* tinyxml.cpp */; };
		69BD4D761673F4FA009EEBE2 /* tinyxmlerror.cpp in Sources */ = {isa = PBXBuildFile; fileRef = 69BD4D591673F4FA009EEBE2 /* tinyxmlerror.cpp */; };
		69BD4D771673F4FA009EEBE2 /* tinyxmlparser.cpp in Sources */ = {isa = PBXBuildFile; fileRef = 69BD4D5A1673F4FA009EEBE2 /* tinyxmlparser.cpp */; };
		69BD4D781673F4FA009EEBE2 /* Trig.cpp in Sources */ = {isa = PBXBuildFile; fileRef = 69BD4D5B1673F4FA009EEBE2 /* Trig.cpp */; };
		69BD4D791673F4FA009EEBE2 /* XmlAttributeParser.cpp in Sources */ = {isa = PBXBuildFile; fileRef = 69BD4D5C1673F4FA009EEBE2 /* XmlAttributeParser.cpp */; };
		69CE7A2A167486FD00BFAD1C /* Event in Copy Headers With Directories */ = {isa = PBXBuildFile; fileRef = 69BD4D0D1673F4DE009EEBE2 /* Event */; };
		69CE7A2B1674870600BFAD1C /* Mixer in Copy Headers With Directories */ = {isa = PBXBuildFile; fileRef = 69BD4D161673F4DE009EEBE2 /* Mixer */; };
		69CE7A2C1674870A00BFAD1C /* Renderer in Copy Headers With Directories */ = {isa = PBXBuildFile; fileRef = 69BD4D191673F4DE009EEBE2 /* Renderer */; };
		69CE7A2D1674870E00BFAD1C /* Resources in Copy Headers With Directories */ = {isa = PBXBuildFile; fileRef = 69BD4D1A1673F4DE009EEBE2 /* Resources */; };
		69CE7A2E1674871300BFAD1C /* tinyxml in Copy Headers With Directories */ = {isa = PBXBuildFile; fileRef = 69BD4D1F1673F4DE009EEBE2 /* tinyxml */; };
		69DD5BD616A7530C009CA543 /* glm in Resources */ = {isa = PBXBuildFile; fileRef = 69DD5BD516A7530C009CA543 /* glm */; };
		69DD5BD816A75371009CA543 /* glm in Copy Headers With Directories */ = {isa = PBXBuildFile; fileRef = 69DD5BD516A7530C009CA543 /* glm */; };
		69F2C1F216980D1A007FAB38 /* Physfs.framework in Frameworks */ = {isa = PBXBuildFile; fileRef = 69F2C1ED16980D1A007FAB38 /* Physfs.framework */; };
		69F2C1F316980D1A007FAB38 /* SDL2_image.framework in Frameworks */ = {isa = PBXBuildFile; fileRef = 69F2C1EE16980D1A007FAB38 /* SDL2_image.framework */; };
		69F2C1F416980D1A007FAB38 /* SDL2_mixer.framework in Frameworks */ = {isa = PBXBuildFile; fileRef = 69F2C1EF16980D1A007FAB38 /* SDL2_mixer.framework */; };
		69F2C1F516980D1A007FAB38 /* SDL2_ttf.framework in Frameworks */ = {isa = PBXBuildFile; fileRef = 69F2C1F016980D1A007FAB38 /* SDL2_ttf.framework */; };
		69F2C1F616980D1A007FAB38 /* SDL2.framework in Frameworks */ = {isa = PBXBuildFile; fileRef = 69F2C1F116980D1A007FAB38 /* SDL2.framework */; };
		69F2C243169BE2F0007FAB38 /* Delegate.h in Headers */ = {isa = PBXBuildFile; fileRef = 69F2C241169BE2F0007FAB38 /* Delegate.h */; settings = {ATTRIBUTES = (Public, ); }; };
		69F2C244169BE2F0007FAB38 /* Signal.h in Headers */ = {isa = PBXBuildFile; fileRef = 69F2C242169BE2F0007FAB38 /* Signal.h */; settings = {ATTRIBUTES = (Public, ); }; };
		8DC2EF530486A6940098B216 /* InfoPlist.strings in Resources */ = {isa = PBXBuildFile; fileRef = 089C1666FE841158C02AAC07 /* InfoPlist.strings */; };
		8DC2EF570486A6940098B216 /* Cocoa.framework in Frameworks */ = {isa = PBXBuildFile; fileRef = 1058C7B1FEA5585E11CA2CBB /* Cocoa.framework */; };
/* End PBXBuildFile section */

/* Begin PBXCopyFilesBuildPhase section */
		695B3C3613274F42003E937A /* Copy Headers With Directories */ = {
			isa = PBXCopyFilesBuildPhase;
			buildActionMask = 2147483647;
			dstPath = Headers;
			dstSubfolderSpec = 1;
			files = (
				69CE7A2A167486FD00BFAD1C /* Event in Copy Headers With Directories */,
				69CE7A2B1674870600BFAD1C /* Mixer in Copy Headers With Directories */,
				69CE7A2C1674870A00BFAD1C /* Renderer in Copy Headers With Directories */,
				69CE7A2D1674870E00BFAD1C /* Resources in Copy Headers With Directories */,
				69CE7A2E1674871300BFAD1C /* tinyxml in Copy Headers With Directories */,
				69DD5BD816A75371009CA543 /* glm in Copy Headers With Directories */,
			);
			name = "Copy Headers With Directories";
			runOnlyForDeploymentPostprocessing = 0;
		};
/* End PBXCopyFilesBuildPhase section */

/* Begin PBXFileReference section */
		0867D69BFE84028FC02AAC07 /* Foundation.framework */ = {isa = PBXFileReference; lastKnownFileType = wrapper.framework; name = Foundation.framework; path = /System/Library/Frameworks/Foundation.framework; sourceTree = "<absolute>"; };
		0867D6A5FE840307C02AAC07 /* AppKit.framework */ = {isa = PBXFileReference; lastKnownFileType = wrapper.framework; name = AppKit.framework; path = /System/Library/Frameworks/AppKit.framework; sourceTree = "<absolute>"; };
		089C1667FE841158C02AAC07 /* English */ = {isa = PBXFileReference; fileEncoding = 4; lastKnownFileType = text.plist.strings; name = English; path = English.lproj/InfoPlist.strings; sourceTree = "<group>"; };
		1058C7B1FEA5585E11CA2CBB /* Cocoa.framework */ = {isa = PBXFileReference; lastKnownFileType = wrapper.framework; name = Cocoa.framework; path = /System/Library/Frameworks/Cocoa.framework; sourceTree = "<absolute>"; };
		32DBCF5E0370ADEE00C91783 /* NAS2D_Prefix.pch */ = {isa = PBXFileReference; fileEncoding = 4; lastKnownFileType = sourcecode.c.h; path = NAS2D_Prefix.pch; sourceTree = "<group>"; };
		695B3B8113274C9A003E937A /* GLUT.framework */ = {isa = PBXFileReference; lastKnownFileType = wrapper.framework; name = GLUT.framework; path = System/Library/Frameworks/GLUT.framework; sourceTree = SDKROOT; };
		695B3B8313274C9A003E937A /* OpenGL.framework */ = {isa = PBXFileReference; lastKnownFileType = wrapper.framework; name = OpenGL.framework; path = System/Library/Frameworks/OpenGL.framework; sourceTree = SDKROOT; };
		6979575D16A36FF500F0B9F2 /* OGL_Core_Renderer.cpp */ = {isa = PBXFileReference; fileEncoding = 4; lastKnownFileType = sourcecode.cpp.cpp; path = OGL_Core_Renderer.cpp; sourceTree = "<group>"; };
		69BD4D0A1673F4DE009EEBE2 /* Common.h */ = {isa = PBXFileReference; fileEncoding = 4; lastKnownFileType = sourcecode.c.h; name = Common.h; path = ../../include/NAS2D/Common.h; sourceTree = "<group>"; };
		69BD4D0B1673F4DE009EEBE2 /* Configuration.h */ = {isa = PBXFileReference; fileEncoding = 4; lastKnownFileType = sourcecode.c.h; name = Configuration.h; path = ../../include/NAS2D/Configuration.h; sourceTree = "<group>"; };
		69BD4D0C1673F4DE009EEBE2 /* Documentation.h */ = {isa = PBXFileReference; fileEncoding = 4; lastKnownFileType = sourcecode.c.h; name = Documentation.h; path = ../../include/NAS2D/Documentation.h; sourceTree = "<group>"; };
		69BD4D0D1673F4DE009EEBE2 /* Event */ = {isa = PBXFileReference; lastKnownFileType = folder; name = Event; path = ../../include/NAS2D/Event; sourceTree = "<group>"; };
		69BD4D0E1673F4DE009EEBE2 /* EventHandler.h */ = {isa = PBXFileReference; fileEncoding = 4; lastKnownFileType = sourcecode.c.h; name = EventHandler.h; path = ../../include/NAS2D/EventHandler.h; sourceTree = "<group>"; };
		69BD4D0F1673F4DE009EEBE2 /* Exception.h */ = {isa = PBXFileReference; fileEncoding = 4; lastKnownFileType = sourcecode.c.h; name = Exception.h; path = ../../include/NAS2D/Exception.h; sourceTree = "<group>"; };
		69BD4D101673F4DE009EEBE2 /* File.h */ = {isa = PBXFileReference; fileEncoding = 4; lastKnownFileType = sourcecode.c.h; name = File.h; path = ../../include/NAS2D/File.h; sourceTree = "<group>"; };
		69BD4D111673F4DE009EEBE2 /* Filesystem.h */ = {isa = PBXFileReference; fileEncoding = 4; lastKnownFileType = sourcecode.c.h; name = Filesystem.h; path = ../../include/NAS2D/Filesystem.h; sourceTree = "<group>"; };
		69BD4D121673F4DE009EEBE2 /* FpsCounter.h */ = {isa = PBXFileReference; fileEncoding = 4; lastKnownFileType = sourcecode.c.h; name = FpsCounter.h; path = ../../include/NAS2D/FpsCounter.h; sourceTree = "<group>"; };
		69BD4D131673F4DE009EEBE2 /* Game.h */ = {isa = PBXFileReference; fileEncoding = 4; lastKnownFileType = sourcecode.c.h; name = Game.h; path = ../../include/NAS2D/Game.h; sourceTree = "<group>"; };
		69BD4D141673F4DE009EEBE2 /* KeyTranslator.h */ = {isa = PBXFileReference; fileEncoding = 4; lastKnownFileType = sourcecode.c.h; name = KeyTranslator.h; path = ../../include/NAS2D/KeyTranslator.h; sourceTree = "<group>"; };
		69BD4D151673F4DE009EEBE2 /* MersenneTwister.h */ = {isa = PBXFileReference; fileEncoding = 4; lastKnownFileType = sourcecode.c.h; name = MersenneTwister.h; path = ../../include/NAS2D/MersenneTwister.h; sourceTree = "<group>"; };
		69BD4D161673F4DE009EEBE2 /* Mixer */ = {isa = PBXFileReference; lastKnownFileType = folder; name = Mixer; path = ../../include/NAS2D/Mixer; sourceTree = "<group>"; };
		69BD4D171673F4DE009EEBE2 /* NAS2D.h */ = {isa = PBXFileReference; fileEncoding = 4; lastKnownFileType = sourcecode.c.h; name = NAS2D.h; path = ../../include/NAS2D/NAS2D.h; sourceTree = "<group>"; };
		69BD4D181673F4DE009EEBE2 /* Random.h */ = {isa = PBXFileReference; fileEncoding = 4; lastKnownFileType = sourcecode.c.h; name = Random.h; path = ../../include/NAS2D/Random.h; sourceTree = "<group>"; };
		69BD4D191673F4DE009EEBE2 /* Renderer */ = {isa = PBXFileReference; lastKnownFileType = folder; name = Renderer; path = ../../include/NAS2D/Renderer; sourceTree = "<group>"; };
		69BD4D1A1673F4DE009EEBE2 /* Resources */ = {isa = PBXFileReference; lastKnownFileType = folder; name = Resources; path = ../../include/NAS2D/Resources; sourceTree = "<group>"; };
		69BD4D1C1673F4DE009EEBE2 /* State.h */ = {isa = PBXFileReference; fileEncoding = 4; lastKnownFileType = sourcecode.c.h; name = State.h; path = ../../include/NAS2D/State.h; sourceTree = "<group>"; };
		69BD4D1D1673F4DE009EEBE2 /* StateManager.h */ = {isa = PBXFileReference; fileEncoding = 4; lastKnownFileType = sourcecode.c.h; name = StateManager.h; path = ../../include/NAS2D/StateManager.h; sourceTree = "<group>"; };
		69BD4D1E1673F4DE009EEBE2 /* Timer.h */ = {isa = PBXFileReference; fileEncoding = 4; lastKnownFileType = sourcecode.c.h; name = Timer.h; path = ../../include/NAS2D/Timer.h; sourceTree = "<group>"; };
		69BD4D1F1673F4DE009EEBE2 /* tinyxml */ = {isa = PBXFileReference; lastKnownFileType = folder; name = tinyxml; path = ../../include/NAS2D/tinyxml; sourceTree = "<group>"; };
		69BD4D201673F4DE009EEBE2 /* Trig.h */ = {isa = PBXFileReference; fileEncoding = 4; lastKnownFileType = sourcecode.c.h; name = Trig.h; path = ../../include/NAS2D/Trig.h; sourceTree = "<group>"; };
		69BD4D211673F4DE009EEBE2 /* Utility.h */ = {isa = PBXFileReference; fileEncoding = 4; lastKnownFileType = sourcecode.c.h; name = Utility.h; path = ../../include/NAS2D/Utility.h; sourceTree = "<group>"; };
		69BD4D221673F4DE009EEBE2 /* XmlAttributeParser.h */ = {isa = PBXFileReference; fileEncoding = 4; lastKnownFileType = sourcecode.c.h; name = XmlAttributeParser.h; path = ../../include/NAS2D/XmlAttributeParser.h; sourceTree = "<group>"; };
		69BD4D3C1673F4FA009EEBE2 /* Common.cpp */ = {isa = PBXFileReference; fileEncoding = 4; lastKnownFileType = sourcecode.cpp.cpp; path = Common.cpp; sourceTree = "<group>"; };
		69BD4D3D1673F4FA009EEBE2 /* Configuration.cpp */ = {isa = PBXFileReference; fileEncoding = 4; lastKnownFileType = sourcecode.cpp.cpp; path = Configuration.cpp; sourceTree = "<group>"; };
		69BD4D3E1673F4FA009EEBE2 /* EventHandler.cpp */ = {isa = PBXFileReference; fileEncoding = 4; lastKnownFileType = sourcecode.cpp.cpp; path = EventHandler.cpp; sourceTree = "<group>"; };
		69BD4D3F1673F4FA009EEBE2 /* Filesystem.cpp */ = {isa = PBXFileReference; fileEncoding = 4; lastKnownFileType = sourcecode.cpp.cpp; path = Filesystem.cpp; sourceTree = "<group>"; };
		69BD4D401673F4FA009EEBE2 /* FpsCounter.cpp */ = {isa = PBXFileReference; fileEncoding = 4; lastKnownFileType = sourcecode.cpp.cpp; path = FpsCounter.cpp; sourceTree = "<group>"; };
		69BD4D411673F4FA009EEBE2 /* Game.cpp */ = {isa = PBXFileReference; fileEncoding = 4; lastKnownFileType = sourcecode.cpp.cpp; path = Game.cpp; sourceTree = "<group>"; };
		69BD4D421673F4FA009EEBE2 /* KeyTranslator.cpp */ = {isa = PBXFileReference; fileEncoding = 4; lastKnownFileType = sourcecode.cpp.cpp; path = KeyTranslator.cpp; sourceTree = "<group>"; };
		69BD4D431673F4FA009EEBE2 /* MersenneTwister.cpp */ = {isa = PBXFileReference; fileEncoding = 4; lastKnownFileType = sourcecode.cpp.cpp; path = MersenneTwister.cpp; sourceTree = "<group>"; };
		69BD4D451673F4FA009EEBE2 /* SDL_Mixer.cpp */ = {isa = PBXFileReference; fileEncoding = 4; lastKnownFileType = sourcecode.cpp.cpp; path = SDL_Mixer.cpp; sourceTree = "<group>"; };
		69BD4D461673F4FA009EEBE2 /* NAS2D.cpp */ = {isa = PBXFileReference; fileEncoding = 4; lastKnownFileType = sourcecode.cpp.cpp; path = NAS2D.cpp; sourceTree = "<group>"; };
		69BD4D471673F4FA009EEBE2 /* Random.cpp */ = {isa = PBXFileReference; fileEncoding = 4; lastKnownFileType = sourcecode.cpp.cpp; path = Random.cpp; sourceTree = "<group>"; };
		69BD4D4A1673F4FA009EEBE2 /* Renderer.cpp */ = {isa = PBXFileReference; fileEncoding = 4; lastKnownFileType = sourcecode.cpp.cpp; path = Renderer.cpp; sourceTree = "<group>"; };
		69BD4D4B1673F4FA009EEBE2 /* ShaderManager.cpp */ = {isa = PBXFileReference; fileEncoding = 4; lastKnownFileType = sourcecode.cpp.cpp; path = ShaderManager.cpp; sourceTree = "<group>"; };
		69BD4D4D1673F4FA009EEBE2 /* Font.cpp */ = {isa = PBXFileReference; fileEncoding = 4; lastKnownFileType = sourcecode.cpp.cpp; path = Font.cpp; sourceTree = "<group>"; };
		69BD4D4E1673F4FA009EEBE2 /* Image.cpp */ = {isa = PBXFileReference; fileEncoding = 4; lastKnownFileType = sourcecode.cpp.cpp; path = Image.cpp; sourceTree = "<group>"; };
		69BD4D4F1673F4FA009EEBE2 /* Music.cpp */ = {isa = PBXFileReference; fileEncoding = 4; lastKnownFileType = sourcecode.cpp.cpp; path = Music.cpp; sourceTree = "<group>"; };
		69BD4D501673F4FA009EEBE2 /* Resource.cpp */ = {isa = PBXFileReference; fileEncoding = 4; lastKnownFileType = sourcecode.cpp.cpp; path = Resource.cpp; sourceTree = "<group>"; };
		69BD4D511673F4FA009EEBE2 /* Shader.cpp */ = {isa = PBXFileReference; fileEncoding = 4; lastKnownFileType = sourcecode.cpp.cpp; path = Shader.cpp; sourceTree = "<group>"; };
		69BD4D521673F4FA009EEBE2 /* Sound.cpp */ = {isa = PBXFileReference; fileEncoding = 4; lastKnownFileType = sourcecode.cpp.cpp; path = Sound.cpp; sourceTree = "<group>"; };
		69BD4D531673F4FA009EEBE2 /* Sprite.cpp */ = {isa = PBXFileReference; fileEncoding = 4; lastKnownFileType = sourcecode.cpp.cpp; path = Sprite.cpp; sourceTree = "<group>"; };
		69BD4D541673F4FA009EEBE2 /* StateManager.cpp */ = {isa = PBXFileReference; fileEncoding = 4; lastKnownFileType = sourcecode.cpp.cpp; path = StateManager.cpp; sourceTree = "<group>"; };
		69BD4D551673F4FA009EEBE2 /* Timer.cpp */ = {isa = PBXFileReference; fileEncoding = 4; lastKnownFileType = sourcecode.cpp.cpp; path = Timer.cpp; sourceTree = "<group>"; };
		69BD4D571673F4FA009EEBE2 /* tinystr.cpp */ = {isa = PBXFileReference; fileEncoding = 4; lastKnownFileType = sourcecode.cpp.cpp; path = tinystr.cpp; sourceTree = "<group>"; };
		69BD4D581673F4FA009EEBE2 /* tinyxml.cpp */ = {isa = PBXFileReference; fileEncoding = 4; lastKnownFileType = sourcecode.cpp.cpp; path = tinyxml.cpp; sourceTree = "<group>"; };
		69BD4D591673F4FA009EEBE2 /* tinyxmlerror.cpp */ = {isa = PBXFileReference; fileEncoding = 4; lastKnownFileType = sourcecode.cpp.cpp; path = tinyxmlerror.cpp; sourceTree = "<group>"; };
		69BD4D5A1673F4FA009EEBE2 /* tinyxmlparser.cpp */ = {isa = PBXFileReference; fileEncoding = 4; lastKnownFileType = sourcecode.cpp.cpp; path = tinyxmlparser.cpp; sourceTree = "<group>"; };
		69BD4D5B1673F4FA009EEBE2 /* Trig.cpp */ = {isa = PBXFileReference; fileEncoding = 4; lastKnownFileType = sourcecode.cpp.cpp; path = Trig.cpp; sourceTree = "<group>"; };
		69BD4D5C1673F4FA009EEBE2 /* XmlAttributeParser.cpp */ = {isa = PBXFileReference; fileEncoding = 4; lastKnownFileType = sourcecode.cpp.cpp; path = XmlAttributeParser.cpp; sourceTree = "<group>"; };
		69DD5BD516A7530C009CA543 /* glm */ = {isa = PBXFileReference; lastKnownFileType = folder; path = glm; sourceTree = "<group>"; };
		69F2C1ED16980D1A007FAB38 /* Physfs.framework */ = {isa = PBXFileReference; lastKnownFileType = wrapper.framework; name = Physfs.framework; path = Frameworks/Physfs.framework; sourceTree = "<group>"; };
		69F2C1EE16980D1A007FAB38 /* SDL2_image.framework */ = {isa = PBXFileReference; lastKnownFileType = wrapper.framework; name = SDL2_image.framework; path = Frameworks/SDL2_image.framework; sourceTree = "<group>"; };
		69F2C1EF16980D1A007FAB38 /* SDL2_mixer.framework */ = {isa = PBXFileReference; lastKnownFileType = wrapper.framework; name = SDL2_mixer.framework; path = Frameworks/SDL2_mixer.framework; sourceTree = "<group>"; };
		69F2C1F016980D1A007FAB38 /* SDL2_ttf.framework */ = {isa = PBXFileReference; lastKnownFileType = wrapper.framework; name = SDL2_ttf.framework; path = Frameworks/SDL2_ttf.framework; sourceTree = "<group>"; };
		69F2C1F116980D1A007FAB38 /* SDL2.framework */ = {isa = PBXFileReference; lastKnownFileType = wrapper.framework; name = SDL2.framework; path = Frameworks/SDL2.framework; sourceTree = "<group>"; };
		69F2C241169BE2F0007FAB38 /* Delegate.h */ = {isa = PBXFileReference; fileEncoding = 4; lastKnownFileType = sourcecode.c.h; path = Delegate.h; sourceTree = "<group>"; };
		69F2C242169BE2F0007FAB38 /* Signal.h */ = {isa = PBXFileReference; fileEncoding = 4; lastKnownFileType = sourcecode.c.h; path = Signal.h; sourceTree = "<group>"; };
		8DC2EF5A0486A6940098B216 /* Info.plist */ = {isa = PBXFileReference; fileEncoding = 4; lastKnownFileType = text.plist.xml; path = Info.plist; sourceTree = "<group>"; };
		8DC2EF5B0486A6940098B216 /* NAS2D.framework */ = {isa = PBXFileReference; explicitFileType = wrapper.framework; includeInIndex = 0; path = NAS2D.framework; sourceTree = BUILT_PRODUCTS_DIR; };
		D2F7E79907B2D74100F64583 /* CoreData.framework */ = {isa = PBXFileReference; lastKnownFileType = wrapper.framework; name = CoreData.framework; path = /System/Library/Frameworks/CoreData.framework; sourceTree = "<absolute>"; };
/* End PBXFileReference section */

/* Begin PBXFrameworksBuildPhase section */
		8DC2EF560486A6940098B216 /* Frameworks */ = {
			isa = PBXFrameworksBuildPhase;
			buildActionMask = 2147483647;
			files = (
				69F2C1F216980D1A007FAB38 /* Physfs.framework in Frameworks */,
				69F2C1F316980D1A007FAB38 /* SDL2_image.framework in Frameworks */,
				69F2C1F416980D1A007FAB38 /* SDL2_mixer.framework in Frameworks */,
				69F2C1F516980D1A007FAB38 /* SDL2_ttf.framework in Frameworks */,
				69F2C1F616980D1A007FAB38 /* SDL2.framework in Frameworks */,
				8DC2EF570486A6940098B216 /* Cocoa.framework in Frameworks */,
				695B3B8213274C9A003E937A /* GLUT.framework in Frameworks */,
				695B3B8413274C9A003E937A /* OpenGL.framework in Frameworks */,
			);
			runOnlyForDeploymentPostprocessing = 0;
		};
/* End PBXFrameworksBuildPhase section */

/* Begin PBXGroup section */
		034768DFFF38A50411DB9C8B /* Products */ = {
			isa = PBXGroup;
			children = (
				8DC2EF5B0486A6940098B216 /* NAS2D.framework */,
			);
			name = Products;
			sourceTree = "<group>";
		};
		0867D691FE84028FC02AAC07 /* NAS2D */ = {
			isa = PBXGroup;
			children = (
				08FB77AEFE84172EC02AAC07 /* Classes */,
				32C88DFF0371C24200C91783 /* Other Sources */,
				089C1665FE841158C02AAC07 /* Resources */,
				0867D69AFE84028FC02AAC07 /* External Frameworks and Libraries */,
				034768DFFF38A50411DB9C8B /* Products */,
			);
			name = NAS2D;
			sourceTree = "<group>";
		};
		0867D69AFE84028FC02AAC07 /* External Frameworks and Libraries */ = {
			isa = PBXGroup;
			children = (
				1058C7B0FEA5585E11CA2CBB /* Linked Frameworks */,
				1058C7B2FEA5585E11CA2CBB /* Other Frameworks */,
			);
			name = "External Frameworks and Libraries";
			sourceTree = "<group>";
		};
		089C1665FE841158C02AAC07 /* Resources */ = {
			isa = PBXGroup;
			children = (
				8DC2EF5A0486A6940098B216 /* Info.plist */,
				089C1666FE841158C02AAC07 /* InfoPlist.strings */,
			);
			name = Resources;
			sourceTree = "<group>";
		};
		08FB77AEFE84172EC02AAC07 /* Classes */ = {
			isa = PBXGroup;
			children = (
				6928723D1417484300F20BEB /* NAS2D */,
				695B3AA413274631003E937A /* src */,
			);
			name = Classes;
			sourceTree = "<group>";
		};
		1058C7B0FEA5585E11CA2CBB /* Linked Frameworks */ = {
			isa = PBXGroup;
			children = (
				69F2C1ED16980D1A007FAB38 /* Physfs.framework */,
				69F2C1EE16980D1A007FAB38 /* SDL2_image.framework */,
				69F2C1EF16980D1A007FAB38 /* SDL2_mixer.framework */,
				69F2C1F016980D1A007FAB38 /* SDL2_ttf.framework */,
				69F2C1F116980D1A007FAB38 /* SDL2.framework */,
				695B3B8113274C9A003E937A /* GLUT.framework */,
				695B3B8313274C9A003E937A /* OpenGL.framework */,
				1058C7B1FEA5585E11CA2CBB /* Cocoa.framework */,
			);
			name = "Linked Frameworks";
			sourceTree = "<group>";
		};
		1058C7B2FEA5585E11CA2CBB /* Other Frameworks */ = {
			isa = PBXGroup;
			children = (
				0867D6A5FE840307C02AAC07 /* AppKit.framework */,
				D2F7E79907B2D74100F64583 /* CoreData.framework */,
				0867D69BFE84028FC02AAC07 /* Foundation.framework */,
			);
			name = "Other Frameworks";
			sourceTree = "<group>";
		};
		32C88DFF0371C24200C91783 /* Other Sources */ = {
			isa = PBXGroup;
			children = (
				32DBCF5E0370ADEE00C91783 /* NAS2D_Prefix.pch */,
			);
			name = "Other Sources";
			sourceTree = "<group>";
		};
		6928723D1417484300F20BEB /* NAS2D */ = {
			isa = PBXGroup;
			children = (
				69F2C241169BE2F0007FAB38 /* Delegate.h */,
				69F2C242169BE2F0007FAB38 /* Signal.h */,
				69BD4D0A1673F4DE009EEBE2 /* Common.h */,
				69BD4D0B1673F4DE009EEBE2 /* Configuration.h */,
				69BD4D0C1673F4DE009EEBE2 /* Documentation.h */,
				69BD4D0D1673F4DE009EEBE2 /* Event */,
				69BD4D0E1673F4DE009EEBE2 /* EventHandler.h */,
				69BD4D0F1673F4DE009EEBE2 /* Exception.h */,
				69BD4D101673F4DE009EEBE2 /* File.h */,
				69BD4D111673F4DE009EEBE2 /* Filesystem.h */,
				69BD4D121673F4DE009EEBE2 /* FpsCounter.h */,
				69BD4D131673F4DE009EEBE2 /* Game.h */,
				69BD4D141673F4DE009EEBE2 /* KeyTranslator.h */,
				69BD4D151673F4DE009EEBE2 /* MersenneTwister.h */,
				69BD4D161673F4DE009EEBE2 /* Mixer */,
				69BD4D171673F4DE009EEBE2 /* NAS2D.h */,
				69BD4D181673F4DE009EEBE2 /* Random.h */,
				69BD4D191673F4DE009EEBE2 /* Renderer */,
				69BD4D1A1673F4DE009EEBE2 /* Resources */,
				69BD4D1C1673F4DE009EEBE2 /* State.h */,
				69BD4D1D1673F4DE009EEBE2 /* StateManager.h */,
				69BD4D1E1673F4DE009EEBE2 /* Timer.h */,
				69BD4D1F1673F4DE009EEBE2 /* tinyxml */,
				69BD4D201673F4DE009EEBE2 /* Trig.h */,
				69DD5BD516A7530C009CA543 /* glm */,
				69BD4D211673F4DE009EEBE2 /* Utility.h */,
				69BD4D221673F4DE009EEBE2 /* XmlAttributeParser.h */,
			);
			name = NAS2D;
			sourceTree = "<group>";
		};
		695B3AA413274631003E937A /* src */ = {
			isa = PBXGroup;
			children = (
				69BD4D3C1673F4FA009EEBE2 /* Common.cpp */,
				69BD4D3D1673F4FA009EEBE2 /* Configuration.cpp */,
				69BD4D3E1673F4FA009EEBE2 /* EventHandler.cpp */,
				69BD4D3F1673F4FA009EEBE2 /* Filesystem.cpp */,
				69BD4D401673F4FA009EEBE2 /* FpsCounter.cpp */,
				69BD4D411673F4FA009EEBE2 /* Game.cpp */,
				69BD4D421673F4FA009EEBE2 /* KeyTranslator.cpp */,
				69BD4D431673F4FA009EEBE2 /* MersenneTwister.cpp */,
				69BD4D441673F4FA009EEBE2 /* Mixer */,
				69BD4D461673F4FA009EEBE2 /* NAS2D.cpp */,
				69BD4D471673F4FA009EEBE2 /* Random.cpp */,
				69BD4D481673F4FA009EEBE2 /* Renderer */,
				69BD4D4C1673F4FA009EEBE2 /* Resources */,
				69BD4D541673F4FA009EEBE2 /* StateManager.cpp */,
				69BD4D551673F4FA009EEBE2 /* Timer.cpp */,
				69BD4D561673F4FA009EEBE2 /* tinyxml */,
				69BD4D5B1673F4FA009EEBE2 /* Trig.cpp */,
				69BD4D5C1673F4FA009EEBE2 /* XmlAttributeParser.cpp */,
			);
			name = src;
			path = ../../src;
			sourceTree = SOURCE_ROOT;
		};
		69BD4D441673F4FA009EEBE2 /* Mixer */ = {
			isa = PBXGroup;
			children = (
				69BD4D451673F4FA009EEBE2 /* SDL_Mixer.cpp */,
			);
			path = Mixer;
			sourceTree = "<group>";
		};
		69BD4D481673F4FA009EEBE2 /* Renderer */ = {
			isa = PBXGroup;
			children = (
				6979575D16A36FF500F0B9F2 /* OGL_Core_Renderer.cpp */,
				69BD4D4A1673F4FA009EEBE2 /* Renderer.cpp */,
				69BD4D4B1673F4FA009EEBE2 /* ShaderManager.cpp */,
			);
			path = Renderer;
			sourceTree = "<group>";
		};
		69BD4D4C1673F4FA009EEBE2 /* Resources */ = {
			isa = PBXGroup;
			children = (
				69BD4D4D1673F4FA009EEBE2 /* Font.cpp */,
				69BD4D4E1673F4FA009EEBE2 /* Image.cpp */,
				69BD4D4F1673F4FA009EEBE2 /* Music.cpp */,
				69BD4D501673F4FA009EEBE2 /* Resource.cpp */,
				69BD4D511673F4FA009EEBE2 /* Shader.cpp */,
				69BD4D521673F4FA009EEBE2 /* Sound.cpp */,
				69BD4D531673F4FA009EEBE2 /* Sprite.cpp */,
			);
			path = Resources;
			sourceTree = "<group>";
		};
		69BD4D561673F4FA009EEBE2 /* tinyxml */ = {
			isa = PBXGroup;
			children = (
				69BD4D571673F4FA009EEBE2 /* tinystr.cpp */,
				69BD4D581673F4FA009EEBE2 /* tinyxml.cpp */,
				69BD4D591673F4FA009EEBE2 /* tinyxmlerror.cpp */,
				69BD4D5A1673F4FA009EEBE2 /* tinyxmlparser.cpp */,
			);
			path = tinyxml;
			sourceTree = "<group>";
		};
/* End PBXGroup section */

/* Begin PBXHeadersBuildPhase section */
		8DC2EF500486A6940098B216 /* Headers */ = {
			isa = PBXHeadersBuildPhase;
			buildActionMask = 2147483647;
			files = (
				69BD4D301673F4DE009EEBE2 /* NAS2D.h in Headers */,
				69BD4D231673F4DE009EEBE2 /* Common.h in Headers */,
				69BD4D241673F4DE009EEBE2 /* Configuration.h in Headers */,
				69BD4D251673F4DE009EEBE2 /* Documentation.h in Headers */,
				69BD4D271673F4DE009EEBE2 /* EventHandler.h in Headers */,
				69BD4D281673F4DE009EEBE2 /* Exception.h in Headers */,
				69BD4D291673F4DE009EEBE2 /* File.h in Headers */,
				69BD4D2A1673F4DE009EEBE2 /* Filesystem.h in Headers */,
				69BD4D2B1673F4DE009EEBE2 /* FpsCounter.h in Headers */,
				69BD4D2C1673F4DE009EEBE2 /* Game.h in Headers */,
				69BD4D2D1673F4DE009EEBE2 /* KeyTranslator.h in Headers */,
				69BD4D2E1673F4DE009EEBE2 /* MersenneTwister.h in Headers */,
				69BD4D311673F4DE009EEBE2 /* Random.h in Headers */,
				69F2C243169BE2F0007FAB38 /* Delegate.h in Headers */,
				69F2C244169BE2F0007FAB38 /* Signal.h in Headers */,
				69BD4D351673F4DE009EEBE2 /* State.h in Headers */,
				69BD4D361673F4DE009EEBE2 /* StateManager.h in Headers */,
				69BD4D371673F4DE009EEBE2 /* Timer.h in Headers */,
				69BD4D391673F4DE009EEBE2 /* Trig.h in Headers */,
				69BD4D3A1673F4DE009EEBE2 /* Utility.h in Headers */,
				69BD4D3B1673F4DE009EEBE2 /* XmlAttributeParser.h in Headers */,
			);
			runOnlyForDeploymentPostprocessing = 0;
		};
/* End PBXHeadersBuildPhase section */

/* Begin PBXNativeTarget section */
		8DC2EF4F0486A6940098B216 /* NAS2D */ = {
			isa = PBXNativeTarget;
			buildConfigurationList = 1DEB91AD08733DA50010E9CD /* Build configuration list for PBXNativeTarget "NAS2D" */;
			buildPhases = (
				8DC2EF500486A6940098B216 /* Headers */,
				8DC2EF520486A6940098B216 /* Resources */,
				8DC2EF540486A6940098B216 /* Sources */,
				8DC2EF560486A6940098B216 /* Frameworks */,
				695B3C3613274F42003E937A /* Copy Headers With Directories */,
			);
			buildRules = (
			);
			dependencies = (
			);
			name = NAS2D;
			productInstallPath = "$(HOME)/Library/Frameworks";
			productName = NAS2D;
			productReference = 8DC2EF5B0486A6940098B216 /* NAS2D.framework */;
			productType = "com.apple.product-type.framework";
		};
/* End PBXNativeTarget section */

/* Begin PBXProject section */
		0867D690FE84028FC02AAC07 /* Project object */ = {
			isa = PBXProject;
			attributes = {
				LastUpgradeCheck = 0450;
			};
			buildConfigurationList = 1DEB91B108733DA50010E9CD /* Build configuration list for PBXProject "NAS2D" */;
			compatibilityVersion = "Xcode 3.2";
			developmentRegion = English;
			hasScannedForEncodings = 1;
			knownRegions = (
				English,
				Japanese,
				French,
				German,
			);
			mainGroup = 0867D691FE84028FC02AAC07 /* NAS2D */;
			productRefGroup = 034768DFFF38A50411DB9C8B /* Products */;
			projectDirPath = "";
			projectRoot = "";
			targets = (
				8DC2EF4F0486A6940098B216 /* NAS2D */,
			);
		};
/* End PBXProject section */

/* Begin PBXResourcesBuildPhase section */
		8DC2EF520486A6940098B216 /* Resources */ = {
			isa = PBXResourcesBuildPhase;
			buildActionMask = 2147483647;
			files = (
				8DC2EF530486A6940098B216 /* InfoPlist.strings in Resources */,
				69BD4D261673F4DE009EEBE2 /* Event in Resources */,
				69BD4D2F1673F4DE009EEBE2 /* Mixer in Resources */,
				69BD4D321673F4DE009EEBE2 /* Renderer in Resources */,
				69BD4D331673F4DE009EEBE2 /* Resources in Resources */,
				69BD4D381673F4DE009EEBE2 /* tinyxml in Resources */,
				69DD5BD616A7530C009CA543 /* glm in Resources */,
			);
			runOnlyForDeploymentPostprocessing = 0;
		};
/* End PBXResourcesBuildPhase section */

/* Begin PBXSourcesBuildPhase section */
		8DC2EF540486A6940098B216 /* Sources */ = {
			isa = PBXSourcesBuildPhase;
			buildActionMask = 2147483647;
			files = (
				69BD4D5D1673F4FA009EEBE2 /* Common.cpp in Sources */,
				69BD4D5E1673F4FA009EEBE2 /* Configuration.cpp in Sources */,
				69BD4D5F1673F4FA009EEBE2 /* EventHandler.cpp in Sources */,
				69BD4D601673F4FA009EEBE2 /* Filesystem.cpp in Sources */,
				69BD4D611673F4FA009EEBE2 /* FpsCounter.cpp in Sources */,
				69BD4D621673F4FA009EEBE2 /* Game.cpp in Sources */,
				69BD4D631673F4FA009EEBE2 /* KeyTranslator.cpp in Sources */,
				69BD4D641673F4FA009EEBE2 /* MersenneTwister.cpp in Sources */,
				69BD4D651673F4FA009EEBE2 /* SDL_Mixer.cpp in Sources */,
				69BD4D661673F4FA009EEBE2 /* NAS2D.cpp in Sources */,
				69BD4D671673F4FA009EEBE2 /* Random.cpp in Sources */,
				69BD4D691673F4FA009EEBE2 /* Renderer.cpp in Sources */,
				69BD4D6A1673F4FA009EEBE2 /* ShaderManager.cpp in Sources */,
				69BD4D6B1673F4FA009EEBE2 /* Font.cpp in Sources */,
				69BD4D6C1673F4FA009EEBE2 /* Image.cpp in Sources */,
				69BD4D6D1673F4FA009EEBE2 /* Music.cpp in Sources */,
				69BD4D6E1673F4FA009EEBE2 /* Resource.cpp in Sources */,
				69BD4D6F1673F4FA009EEBE2 /* Shader.cpp in Sources */,
				69BD4D701673F4FA009EEBE2 /* Sound.cpp in Sources */,
				69BD4D711673F4FA009EEBE2 /* Sprite.cpp in Sources */,
				69BD4D721673F4FA009EEBE2 /* StateManager.cpp in Sources */,
				69BD4D731673F4FA009EEBE2 /* Timer.cpp in Sources */,
				69BD4D741673F4FA009EEBE2 /* tinystr.cpp in Sources */,
				69BD4D751673F4FA009EEBE2 /* tinyxml.cpp in Sources */,
				69BD4D761673F4FA009EEBE2 /* tinyxmlerror.cpp in Sources */,
				69BD4D771673F4FA009EEBE2 /* tinyxmlparser.cpp in Sources */,
				69BD4D781673F4FA009EEBE2 /* Trig.cpp in Sources */,
				69BD4D791673F4FA009EEBE2 /* XmlAttributeParser.cpp in Sources */,
				6979575E16A36FF500F0B9F2 /* OGL_Core_Renderer.cpp in Sources */,
			);
			runOnlyForDeploymentPostprocessing = 0;
		};
/* End PBXSourcesBuildPhase section */

/* Begin PBXVariantGroup section */
		089C1666FE841158C02AAC07 /* InfoPlist.strings */ = {
			isa = PBXVariantGroup;
			children = (
				089C1667FE841158C02AAC07 /* English */,
			);
			name = InfoPlist.strings;
			sourceTree = "<group>";
		};
/* End PBXVariantGroup section */

/* Begin XCBuildConfiguration section */
		1DEB91AE08733DA50010E9CD /* Debug */ = {
			isa = XCBuildConfiguration;
			buildSettings = {
				COMBINE_HIDPI_IMAGES = YES;
				DYLIB_COMPATIBILITY_VERSION = 1;
				DYLIB_CURRENT_VERSION = 1;
				FRAMEWORK_SEARCH_PATHS = (
					"$(inherited)",
					"\"$(SRCROOT)/Frameworks\"",
				);
				FRAMEWORK_VERSION = A;
				GCC_PRECOMPILE_PREFIX_HEADER = YES;
				GCC_PREFIX_HEADER = NAS2D_Prefix.pch;
				GCC_PREPROCESSOR_DEFINITIONS = TIXML_USE_STL;
				HEADER_SEARCH_PATHS = "\"$(SRCROOT)/Frameworks/\"/**";
				INFOPLIST_FILE = Info.plist;
				INSTALL_PATH = "@rpath";
				LD_RUNPATH_SEARCH_PATHS = "@loader_path/../Frameworks";
				LIBRARY_SEARCH_PATHS = /usr/local/lib;
				MACOSX_DEPLOYMENT_TARGET = "";
				OTHER_CPLUSPLUSFLAGS = (
					"$(OTHER_CFLAGS)",
					"-lfreetype",
				);
				PRODUCT_NAME = NAS2D;
				SDKROOT = macosx;
				STRINGS_FILE_OUTPUT_ENCODING = "UTF-8";
				USER_HEADER_SEARCH_PATHS = "\"$(SRCROOT)/../../include\"";
				WRAPPER_EXTENSION = framework;
			};
			name = Debug;
		};
		1DEB91AF08733DA50010E9CD /* Release */ = {
			isa = XCBuildConfiguration;
			buildSettings = {
				COMBINE_HIDPI_IMAGES = YES;
				DEAD_CODE_STRIPPING = YES;
				DEBUG_INFORMATION_FORMAT = "dwarf-with-dsym";
				DYLIB_COMPATIBILITY_VERSION = 1;
				DYLIB_CURRENT_VERSION = 1;
				FRAMEWORK_SEARCH_PATHS = (
					"$(inherited)",
					"\"$(SRCROOT)/Frameworks\"",
				);
				FRAMEWORK_VERSION = A;
				GCC_GENERATE_DEBUGGING_SYMBOLS = NO;
				GCC_PRECOMPILE_PREFIX_HEADER = YES;
				GCC_PREFIX_HEADER = NAS2D_Prefix.pch;
				GCC_PREPROCESSOR_DEFINITIONS = TIXML_USE_STL;
				HEADER_SEARCH_PATHS = "\"$(SRCROOT)/Frameworks/\"/**";
				INFOPLIST_FILE = Info.plist;
				INSTALL_PATH = "@rpath";
				LD_RUNPATH_SEARCH_PATHS = "@loader_path/../Frameworks";
				LIBRARY_SEARCH_PATHS = /usr/local/lib;
				MACOSX_DEPLOYMENT_TARGET = "";
				OTHER_CPLUSPLUSFLAGS = (
					"$(OTHER_CFLAGS)",
					"-lfreetype",
				);
				PRODUCT_NAME = NAS2D;
				SDKROOT = macosx;
				STRINGS_FILE_OUTPUT_ENCODING = "UTF-8";
				USER_HEADER_SEARCH_PATHS = "\"$(SRCROOT)/../../include\"";
				WRAPPER_EXTENSION = framework;
			};
			name = Release;
		};
		1DEB91B208733DA50010E9CD /* Debug */ = {
			isa = XCBuildConfiguration;
			buildSettings = {
				ARCHS = "$(ARCHS_STANDARD_32_BIT)";
				GCC_C_LANGUAGE_STANDARD = gnu99;
				GCC_OPTIMIZATION_LEVEL = 0;
				GCC_WARN_ABOUT_RETURN_TYPE = YES;
				GCC_WARN_UNUSED_VARIABLE = YES;
				HEADER_SEARCH_PATHS = "";
				MACOSX_DEPLOYMENT_TARGET = 10.4;
				ONLY_ACTIVE_ARCH = YES;
				USER_HEADER_SEARCH_PATHS = "\"$(SRCROOT)/../../include\"";
			};
			name = Debug;
		};
		1DEB91B308733DA50010E9CD /* Release */ = {
			isa = XCBuildConfiguration;
			buildSettings = {
				ARCHS = "$(ARCHS_STANDARD_32_BIT)";
				GCC_C_LANGUAGE_STANDARD = gnu99;
				GCC_WARN_ABOUT_RETURN_TYPE = YES;
				GCC_WARN_UNUSED_VARIABLE = YES;
				HEADER_SEARCH_PATHS = "";
				MACOSX_DEPLOYMENT_TARGET = 10.4;
				USER_HEADER_SEARCH_PATHS = "\"$(SRCROOT)/../../include\"";
			};
			name = Release;
		};
/* End XCBuildConfiguration section */

/* Begin XCConfigurationList section */
		1DEB91AD08733DA50010E9CD /* Build configuration list for PBXNativeTarget "NAS2D" */ = {
			isa = XCConfigurationList;
			buildConfigurations = (
				1DEB91AE08733DA50010E9CD /* Debug */,
				1DEB91AF08733DA50010E9CD /* Release */,
			);
			defaultConfigurationIsVisible = 0;
			defaultConfigurationName = Release;
		};
		1DEB91B108733DA50010E9CD /* Build configuration list for PBXProject "NAS2D" */ = {
			isa = XCConfigurationList;
			buildConfigurations = (
				1DEB91B208733DA50010E9CD /* Debug */,
				1DEB91B308733DA50010E9CD /* Release */,
			);
			defaultConfigurationIsVisible = 0;
			defaultConfigurationName = Release;
		};
/* End XCConfigurationList section */
	};
	rootObject = 0867D690FE84028FC02AAC07 /* Project object */;
}
