<?xml version="1.0" encoding="utf-8"?>
<Project ToolsVersion="4.0" xmlns="http://schemas.microsoft.com/developer/msbuild/2003">
  <ItemGroup>
    <Filter Include="Source Files">
      <UniqueIdentifier>{4FC737F1-C7A5-4376-A066-2A32D752A2FF}</UniqueIdentifier>
      <Extensions>cpp;c;cc;cxx;def;odl;idl;hpj;bat;asm;asmx</Extensions>
    </Filter>
    <Filter Include="Header Files">
      <UniqueIdentifier>{93995380-89BD-4b04-88EB-625FBE52EBFB}</UniqueIdentifier>
      <Extensions>h;hh;hpp;hxx;hm;inl;inc;xsd</Extensions>
    </Filter>
    <Filter Include="Resource Files">
      <UniqueIdentifier>{67DA6AB6-F800-4c08-8B7A-83BB121AAD01}</UniqueIdentifier>
      <Extensions>rc;ico;cur;bmp;dlg;rc2;rct;bin;rgs;gif;jpg;jpeg;jpe;resx;tiff;tif;png;wav;mfcribbon-ms</Extensions>
    </Filter>
    <Filter Include="Source Files\Math">
      <UniqueIdentifier>{693ea8b6-f252-40dd-8516-770d9322bf44}</UniqueIdentifier>
    </Filter>
    <Filter Include="Source Files\Mixer">
      <UniqueIdentifier>{38850f27-88ca-4a9f-8398-c4fc4063e7d2}</UniqueIdentifier>
    </Filter>
    <Filter Include="Source Files\Renderer">
      <UniqueIdentifier>{1b4aff9c-81d5-485b-bdc7-1b5850a90ff9}</UniqueIdentifier>
    </Filter>
    <Filter Include="Source Files\Resource">
      <UniqueIdentifier>{abe87a21-5242-47d5-a2e5-cd4d11c06440}</UniqueIdentifier>
    </Filter>
    <Filter Include="Source Files\Signal">
      <UniqueIdentifier>{2f8ff49c-01f2-4fa6-af32-0f3549495729}</UniqueIdentifier>
    </Filter>
    <Filter Include="Source Files\Xml">
      <UniqueIdentifier>{7d97d5b5-2a02-45fa-b77b-5421848a65aa}</UniqueIdentifier>
    </Filter>
    <Filter Include="Header Files\Math">
      <UniqueIdentifier>{93fa0daa-090a-4bd8-9d29-3342b0960f69}</UniqueIdentifier>
    </Filter>
    <Filter Include="Header Files\Mixer">
      <UniqueIdentifier>{e726c591-8921-4e48-bcd1-b31f16365f75}</UniqueIdentifier>
    </Filter>
    <Filter Include="Header Files\Renderer">
      <UniqueIdentifier>{f835e375-3047-4a58-8cf1-a8c2ac3a580c}</UniqueIdentifier>
    </Filter>
    <Filter Include="Header Files\Resource">
      <UniqueIdentifier>{8fc63a46-a921-4817-8885-8e16d6d47335}</UniqueIdentifier>
    </Filter>
    <Filter Include="Header Files\Signal">
      <UniqueIdentifier>{9c5b4d3f-8225-44f8-9de5-70086a2f366b}</UniqueIdentifier>
    </Filter>
    <Filter Include="Header Files\Xml">
      <UniqueIdentifier>{f77ff9a8-6639-4ae0-8705-c016859865d9}</UniqueIdentifier>
    </Filter>
  </ItemGroup>
  <ItemGroup>
    <ClCompile Include="Configuration.cpp">
      <Filter>Source Files</Filter>
    </ClCompile>
    <ClCompile Include="EnumKeyModifier.cpp">
      <Filter>Source Files</Filter>
    </ClCompile>
    <ClCompile Include="EventHandler.cpp">
      <Filter>Source Files</Filter>
    </ClCompile>
    <ClCompile Include="Filesystem.cpp">
      <Filter>Source Files</Filter>
    </ClCompile>
    <ClCompile Include="FpsCounter.cpp">
      <Filter>Source Files</Filter>
    </ClCompile>
    <ClCompile Include="Game.cpp">
      <Filter>Source Files</Filter>
    </ClCompile>
    <ClCompile Include="StateManager.cpp">
      <Filter>Source Files</Filter>
    </ClCompile>
    <ClCompile Include="Timer.cpp">
      <Filter>Source Files</Filter>
    </ClCompile>
    <ClCompile Include="Math\MathUtils.cpp">
      <Filter>Source Files\Math</Filter>
    </ClCompile>
    <ClCompile Include="Math\Point.cpp">
      <Filter>Source Files\Math</Filter>
    </ClCompile>
    <ClCompile Include="Math\Rectangle.cpp">
      <Filter>Source Files\Math</Filter>
    </ClCompile>
    <ClCompile Include="Math\Trig.cpp">
      <Filter>Source Files\Math</Filter>
    </ClCompile>
    <ClCompile Include="Math\Vector.cpp">
      <Filter>Source Files\Math</Filter>
    </ClCompile>
    <ClCompile Include="Mixer\Mixer.cpp">
      <Filter>Source Files\Mixer</Filter>
    </ClCompile>
    <ClCompile Include="Mixer\MixerNull.cpp">
      <Filter>Source Files\Mixer</Filter>
    </ClCompile>
    <ClCompile Include="Mixer\MixerSDL.cpp">
      <Filter>Source Files\Mixer</Filter>
    </ClCompile>
    <ClCompile Include="Renderer\Color.cpp">
      <Filter>Source Files\Renderer</Filter>
    </ClCompile>
    <ClCompile Include="Renderer\DisplayDesc.cpp">
      <Filter>Source Files\Renderer</Filter>
    </ClCompile>
    <ClCompile Include="Renderer\Fade.cpp">
      <Filter>Source Files\Renderer</Filter>
    </ClCompile>
    <ClCompile Include="Renderer\RectangleSkin.cpp">
      <Filter>Source Files\Renderer</Filter>
    </ClCompile>
    <ClCompile Include="Renderer\Renderer.cpp">
      <Filter>Source Files\Renderer</Filter>
    </ClCompile>
    <ClCompile Include="Renderer\RendererOpenGL.cpp">
      <Filter>Source Files\Renderer</Filter>
    </ClCompile>
    <ClCompile Include="Renderer\Window.cpp">
      <Filter>Source Files\Renderer</Filter>
    </ClCompile>
    <ClCompile Include="Resource\AnimationSet.cpp">
      <Filter>Source Files\Resource</Filter>
    </ClCompile>
    <ClCompile Include="Resource\Font.cpp">
      <Filter>Source Files\Resource</Filter>
    </ClCompile>
    <ClCompile Include="Resource\Image.cpp">
      <Filter>Source Files\Resource</Filter>
    </ClCompile>
    <ClCompile Include="Resource\Music.cpp">
      <Filter>Source Files\Resource</Filter>
    </ClCompile>
    <ClCompile Include="Resource\Sound.cpp">
      <Filter>Source Files\Resource</Filter>
    </ClCompile>
    <ClCompile Include="Resource\Sprite.cpp">
      <Filter>Source Files\Resource</Filter>
    </ClCompile>
    <ClCompile Include="Signal\Signal.cpp">
      <Filter>Source Files\Signal</Filter>
    </ClCompile>
    <ClCompile Include="Xml\XmlParser.cpp">
      <Filter>Source Files\Xml</Filter>
    </ClCompile>
    <ClCompile Include="Xml\XmlBase.cpp">
      <Filter>Source Files\Xml</Filter>
    </ClCompile>
    <ClCompile Include="Xml\XmlMemoryBuffer.cpp">
      <Filter>Source Files\Xml</Filter>
    </ClCompile>
    <ClCompile Include="Xml\XmlHandle.cpp">
      <Filter>Source Files\Xml</Filter>
    </ClCompile>
    <ClCompile Include="Xml\XmlAttributeSet.cpp">
      <Filter>Source Files\Xml</Filter>
    </ClCompile>
    <ClCompile Include="Xml\XmlUnknown.cpp">
      <Filter>Source Files\Xml</Filter>
    </ClCompile>
    <ClCompile Include="Xml\XmlElement.cpp">
      <Filter>Source Files\Xml</Filter>
    </ClCompile>
    <ClCompile Include="Xml\XmlText.cpp">
      <Filter>Source Files\Xml</Filter>
    </ClCompile>
    <ClCompile Include="Xml\XmlComment.cpp">
      <Filter>Source Files\Xml</Filter>
    </ClCompile>
    <ClCompile Include="Xml\XmlAttribute.cpp">
      <Filter>Source Files\Xml</Filter>
    </ClCompile>
    <ClCompile Include="Xml\XmlDocument.cpp">
      <Filter>Source Files\Xml</Filter>
    </ClCompile>
    <ClCompile Include="Xml\XmlNode.cpp">
      <Filter>Source Files\Xml</Filter>
    </ClCompile>
    <ClCompile Include="StringUtils.cpp">
      <Filter>Source Files</Filter>
    </ClCompile>
    <ClCompile Include="ParserHelper.cpp">
      <Filter>Source Files</Filter>
    </ClCompile>
    <ClCompile Include="Version.cpp">
      <Filter>Source Files</Filter>
    </ClCompile>
    <ClCompile Include="Dictionary.cpp">
      <Filter>Source Files</Filter>
    </ClCompile>
  </ItemGroup>
  <ItemGroup>
    <ClInclude Include="Configuration.h">
      <Filter>Header Files</Filter>
    </ClInclude>
    <ClInclude Include="ContainerUtils.h">
      <Filter>Header Files</Filter>
    </ClInclude>
    <ClInclude Include="Documentation.h">
      <Filter>Header Files</Filter>
    </ClInclude>
    <ClInclude Include="Duration.h">
      <Filter>Header Files</Filter>
    </ClInclude>
    <ClInclude Include="EnumKeyCode.h">
      <Filter>Header Files</Filter>
    </ClInclude>
    <ClInclude Include="EnumKeyModifier.h">
      <Filter>Header Files</Filter>
    </ClInclude>
    <ClInclude Include="EnumMouseButton.h">
      <Filter>Header Files</Filter>
    </ClInclude>
    <ClInclude Include="EventHandler.h">
      <Filter>Header Files</Filter>
    </ClInclude>
    <ClInclude Include="Filesystem.h">
      <Filter>Header Files</Filter>
    </ClInclude>
    <ClInclude Include="FpsCounter.h">
      <Filter>Header Files</Filter>
    </ClInclude>
    <ClInclude Include="Game.h">
      <Filter>Header Files</Filter>
    </ClInclude>
    <ClInclude Include="NAS2D.h">
      <Filter>Header Files</Filter>
    </ClInclude>
    <ClInclude Include="State.h">
      <Filter>Header Files</Filter>
    </ClInclude>
    <ClInclude Include="StateManager.h">
      <Filter>Header Files</Filter>
    </ClInclude>
    <ClInclude Include="Timer.h">
      <Filter>Header Files</Filter>
    </ClInclude>
    <ClInclude Include="Utility.h">
      <Filter>Header Files</Filter>
    </ClInclude>
    <ClInclude Include="Math\Angle.h">
      <Filter>Header Files\Math</Filter>
    </ClInclude>
    <ClInclude Include="Math\MathUtils.h">
      <Filter>Header Files\Math</Filter>
    </ClInclude>
    <ClInclude Include="Math\Point.h">
      <Filter>Header Files\Math</Filter>
    </ClInclude>
    <ClInclude Include="Math\PointInRectangleRange.h">
      <Filter>Header Files\Math</Filter>
    </ClInclude>
    <ClInclude Include="Math\Rectangle.h">
      <Filter>Header Files\Math</Filter>
    </ClInclude>
    <ClInclude Include="Math\Trig.h">
      <Filter>Header Files\Math</Filter>
    </ClInclude>
    <ClInclude Include="Math\Vector.h">
      <Filter>Header Files\Math</Filter>
    </ClInclude>
    <ClInclude Include="Math\VectorSizeRange.h">
      <Filter>Header Files\Math</Filter>
    </ClInclude>
    <ClInclude Include="Mixer\Mixer.h">
      <Filter>Header Files\Mixer</Filter>
    </ClInclude>
    <ClInclude Include="Mixer\MixerNull.h">
      <Filter>Header Files\Mixer</Filter>
    </ClInclude>
    <ClInclude Include="Mixer\MixerSDL.h">
      <Filter>Header Files\Mixer</Filter>
    </ClInclude>
    <ClInclude Include="Renderer\Color.h">
      <Filter>Header Files\Renderer</Filter>
    </ClInclude>
    <ClInclude Include="Renderer\DisplayDesc.h">
      <Filter>Header Files\Renderer</Filter>
    </ClInclude>
    <ClInclude Include="Renderer\Fade.h">
      <Filter>Header Files\Renderer</Filter>
    </ClInclude>
    <ClInclude Include="Renderer\RectangleSkin.h">
      <Filter>Header Files\Renderer</Filter>
    </ClInclude>
    <ClInclude Include="Renderer\Renderer.h">
      <Filter>Header Files\Renderer</Filter>
    </ClInclude>
    <ClInclude Include="Renderer\RendererNull.h">
      <Filter>Header Files\Renderer</Filter>
    </ClInclude>
    <ClInclude Include="Renderer\RendererOpenGL.h">
      <Filter>Header Files\Renderer</Filter>
    </ClInclude>
    <ClInclude Include="Renderer\Window.h">
      <Filter>Header Files\Renderer</Filter>
    </ClInclude>
    <ClInclude Include="Resource\AnimationSet.h">
      <Filter>Header Files\Resource</Filter>
    </ClInclude>
    <ClInclude Include="Resource\Font.h">
      <Filter>Header Files\Resource</Filter>
    </ClInclude>
    <ClInclude Include="Resource\Image.h">
      <Filter>Header Files\Resource</Filter>
    </ClInclude>
    <ClInclude Include="Resource\Music.h">
      <Filter>Header Files\Resource</Filter>
    </ClInclude>
    <ClInclude Include="Resource\ResourceCache.h">
      <Filter>Header Files\Resource</Filter>
    </ClInclude>
    <ClInclude Include="Resource\Sound.h">
      <Filter>Header Files\Resource</Filter>
    </ClInclude>
    <ClInclude Include="Resource\Sprite.h">
      <Filter>Header Files\Resource</Filter>
    </ClInclude>
    <ClInclude Include="Signal/Delegate.h">
      <Filter>Header Files\Signal</Filter>
    </ClInclude>
    <ClInclude Include="Signal/Signal.h">
      <Filter>Header Files\Signal</Filter>
    </ClInclude>
    <ClInclude Include="Signal/SignalConnection.h">
      <Filter>Header Files\Signal</Filter>
    </ClInclude>
    <ClInclude Include="Signal/SignalSource.h">
      <Filter>Header Files\Signal</Filter>
    </ClInclude>
    <ClInclude Include="Xml\Xml.h">
      <Filter>Header Files\Xml</Filter>
    </ClInclude>
    <ClInclude Include="Xml\XmlVisitor.h">
      <Filter>Header Files\Xml</Filter>
    </ClInclude>
    <ClInclude Include="Xml\XmlBase.h">
      <Filter>Header Files\Xml</Filter>
    </ClInclude>
    <ClInclude Include="Xml\XmlNode.h">
      <Filter>Header Files\Xml</Filter>
    </ClInclude>
    <ClInclude Include="Xml\XmlAttribute.h">
      <Filter>Header Files\Xml</Filter>
    </ClInclude>
    <ClInclude Include="Xml\XmlAttributeSet.h">
      <Filter>Header Files\Xml</Filter>
    </ClInclude>
    <ClInclude Include="Xml\XmlElement.h">
      <Filter>Header Files\Xml</Filter>
    </ClInclude>
    <ClInclude Include="Xml\XmlComment.h">
      <Filter>Header Files\Xml</Filter>
    </ClInclude>
    <ClInclude Include="Xml\XmlText.h">
      <Filter>Header Files\Xml</Filter>
    </ClInclude>
    <ClInclude Include="Xml\XmlUnknown.h">
      <Filter>Header Files\Xml</Filter>
    </ClInclude>
    <ClInclude Include="Xml\XmlDocument.h">
      <Filter>Header Files\Xml</Filter>
    </ClInclude>
    <ClInclude Include="Xml\XmlHandle.h">
      <Filter>Header Files\Xml</Filter>
    </ClInclude>
    <ClInclude Include="Xml\XmlMemoryBuffer.h">
      <Filter>Header Files\Xml</Filter>
    </ClInclude>
    <ClInclude Include="StringUtils.h">
      <Filter>Header Files</Filter>
    </ClInclude>
    <ClInclude Include="StringValue.h">
      <Filter>Header Files</Filter>
    </ClInclude>
    <ClInclude Include="ParserHelper.h">
      <Filter>Header Files</Filter>
    </ClInclude>
    <ClInclude Include="Version.h">
      <Filter>Header Files</Filter>
    </ClInclude>
    <ClInclude Include="Dictionary.h">
      <Filter>Header Files</Filter>
    </ClInclude>
  </ItemGroup>
  <ItemGroup>
    <None Include="..\.clang-format" />
  </ItemGroup>
</Project>